
Microsoft Visual Studio Solution File, Format Version 12.00
# Visual Studio 15
VisualStudioVersion = 15.0.28307.271
MinimumVisualStudioVersion = 10.0.40219.1
Project("{8BC9CEB8-8B4A-11D0-8D11-00A0C91BC942}") = "UseOusideDll", "UseOusideDll\UseOusideDll.vcxproj", "{F0FED45A-785A-435E-AF88-73FABB7CF54D}"
EndProject
Global
	GlobalSection(SolutionConfigurationPlatforms) = preSolution
		Debug|x64 = Debug|x64
		Debug|x86 = Debug|x86
		Release|x64 = Release|x64
		Release|x86 = Release|x86
	EndGlobalSection
	GlobalSection(ProjectConfigurationPlatforms) = postSolution
		{F0FED45A-785A-435E-AF88-73FABB7CF54D}.Debug|x64.ActiveCfg = Debug|x64
		{F0FED45A-785A-435E-AF88-73FABB7CF54D}.Debug|x64.Build.0 = Debug|x64
		{F0FED45A-785A-435E-AF88-73FABB7CF54D}.Debug|x86.ActiveCfg = Debug|Win32
		{F0FED45A-785A-435E-AF88-73FABB7CF54D}.Debug|x86.Build.0 = Debug|Win32
		{F0FED45A-785A-435E-AF88-73FABB7CF54D}.Release|x64.ActiveCfg = Release|x64
		{F0FED45A-785A-435E-AF88-73FABB7CF54D}.Release|x64.Build.0 = Release|x64
		{F0FED45A-785A-435E-AF88-73FABB7CF54D}.Release|x86.ActiveCfg = Release|Win32
		{F0FED45A-785A-435E-AF88-73FABB7CF54D}.Release|x86.Build.0 = Release|Win32
	EndGlobalSection
	GlobalSection(SolutionProperties) = preSolution
		HideSolutionNode = FALSE
	EndGlobalSection
	GlobalSection(ExtensibilityGlobals) = postSolution
		SolutionGuid = {E3BB267C-BC48-42E3-AE9D-9ED6CB251557}
	EndGlobalSection
EndGlobal
