
Microsoft Visual Studio Solution File, Format Version 12.00
# Visual Studio 15
VisualStudioVersion = 15.0.26730.12
MinimumVisualStudioVersion = 10.0.40219.1
Project("{8BC9CEB8-8B4A-11D0-8D11-00A0C91BC942}") = "43_bind和ref参数绑定", "43_bind和ref参数绑定\43_bind和ref参数绑定.vcxproj", "{2E9F5E31-ED08-4DED-9F71-EDCC7EC38FAE}"
EndProject
Global
	GlobalSection(SolutionConfigurationPlatforms) = preSolution
		Debug|x64 = Debug|x64
		Debug|x86 = Debug|x86
		Release|x64 = Release|x64
		Release|x86 = Release|x86
	EndGlobalSection
	GlobalSection(ProjectConfigurationPlatforms) = postSolution
		{2E9F5E31-ED08-4DED-9F71-EDCC7EC38FAE}.Debug|x64.ActiveCfg = Debug|x64
		{2E9F5E31-ED08-4DED-9F71-EDCC7EC38FAE}.Debug|x64.Build.0 = Debug|x64
		{2E9F5E31-ED08-4DED-9F71-EDCC7EC38FAE}.Debug|x86.ActiveCfg = Debug|Win32
		{2E9F5E31-ED08-4DED-9F71-EDCC7EC38FAE}.Debug|x86.Build.0 = Debug|Win32
		{2E9F5E31-ED08-4DED-9F71-EDCC7EC38FAE}.Release|x64.ActiveCfg = Release|x64
		{2E9F5E31-ED08-4DED-9F71-EDCC7EC38FAE}.Release|x64.Build.0 = Release|x64
		{2E9F5E31-ED08-4DED-9F71-EDCC7EC38FAE}.Release|x86.ActiveCfg = Release|Win32
		{2E9F5E31-ED08-4DED-9F71-EDCC7EC38FAE}.Release|x86.Build.0 = Release|Win32
	EndGlobalSection
	GlobalSection(SolutionProperties) = preSolution
		HideSolutionNode = FALSE
	EndGlobalSection
	GlobalSection(ExtensibilityGlobals) = postSolution
		SolutionGuid = {F24706A0-FDF9-48FA-8360-C8F6E4D4487D}
	EndGlobalSection
EndGlobal
