
Microsoft Visual Studio Solution File, Format Version 12.00
# Visual Studio 15
VisualStudioVersion = 15.0.28307.271
MinimumVisualStudioVersion = 10.0.40219.1
Project("{8BC9CEB8-8B4A-11D0-8D11-00A0C91BC942}") = "50_泛型算法", "50_泛型算法\50_泛型算法.vcxproj", "{BBE264EA-85BC-41B6-A652-1E4D63112D03}"
EndProject
Global
	GlobalSection(SolutionConfigurationPlatforms) = preSolution
		Debug|x64 = Debug|x64
		Debug|x86 = Debug|x86
		Release|x64 = Release|x64
		Release|x86 = Release|x86
	EndGlobalSection
	GlobalSection(ProjectConfigurationPlatforms) = postSolution
		{BBE264EA-85BC-41B6-A652-1E4D63112D03}.Debug|x64.ActiveCfg = Debug|x64
		{BBE264EA-85BC-41B6-A652-1E4D63112D03}.Debug|x64.Build.0 = Debug|x64
		{BBE264EA-85BC-41B6-A652-1E4D63112D03}.Debug|x86.ActiveCfg = Debug|Win32
		{BBE264EA-85BC-41B6-A652-1E4D63112D03}.Debug|x86.Build.0 = Debug|Win32
		{BBE264EA-85BC-41B6-A652-1E4D63112D03}.Release|x64.ActiveCfg = Release|x64
		{BBE264EA-85BC-41B6-A652-1E4D63112D03}.Release|x64.Build.0 = Release|x64
		{BBE264EA-85BC-41B6-A652-1E4D63112D03}.Release|x86.ActiveCfg = Release|Win32
		{BBE264EA-85BC-41B6-A652-1E4D63112D03}.Release|x86.Build.0 = Release|Win32
	EndGlobalSection
	GlobalSection(SolutionProperties) = preSolution
		HideSolutionNode = FALSE
	EndGlobalSection
	GlobalSection(ExtensibilityGlobals) = postSolution
		SolutionGuid = {03FE1DB3-598E-4BB5-B4B7-2EAF8D31E506}
	EndGlobalSection
EndGlobal
