
Microsoft Visual Studio Solution File, Format Version 12.00
# Visual Studio 15
VisualStudioVersion = 15.0.26730.12
MinimumVisualStudioVersion = 10.0.40219.1
Project("{8BC9CEB8-8B4A-11D0-8D11-00A0C91BC942}") = "34_返回引用以及cin输入", "34_返回引用以及cin输入\34_返回引用以及cin输入.vcxproj", "{CA6C82A2-C87A-4C18-91B7-59A8B440D131}"
EndProject
Global
	GlobalSection(SolutionConfigurationPlatforms) = preSolution
		Debug|x64 = Debug|x64
		Debug|x86 = Debug|x86
		Release|x64 = Release|x64
		Release|x86 = Release|x86
	EndGlobalSection
	GlobalSection(ProjectConfigurationPlatforms) = postSolution
		{CA6C82A2-C87A-4C18-91B7-59A8B440D131}.Debug|x64.ActiveCfg = Debug|x64
		{CA6C82A2-C87A-4C18-91B7-59A8B440D131}.Debug|x64.Build.0 = Debug|x64
		{CA6C82A2-C87A-4C18-91B7-59A8B440D131}.Debug|x86.ActiveCfg = Debug|Win32
		{CA6C82A2-C87A-4C18-91B7-59A8B440D131}.Debug|x86.Build.0 = Debug|Win32
		{CA6C82A2-C87A-4C18-91B7-59A8B440D131}.Release|x64.ActiveCfg = Release|x64
		{CA6C82A2-C87A-4C18-91B7-59A8B440D131}.Release|x64.Build.0 = Release|x64
		{CA6C82A2-C87A-4C18-91B7-59A8B440D131}.Release|x86.ActiveCfg = Release|Win32
		{CA6C82A2-C87A-4C18-91B7-59A8B440D131}.Release|x86.Build.0 = Release|Win32
	EndGlobalSection
	GlobalSection(SolutionProperties) = preSolution
		HideSolutionNode = FALSE
	EndGlobalSection
	GlobalSection(ExtensibilityGlobals) = postSolution
		SolutionGuid = {57B508C8-2062-437B-8BD1-54F18E9F2723}
	EndGlobalSection
EndGlobal
