
Microsoft Visual Studio Solution File, Format Version 12.00
# Visual Studio 15
VisualStudioVersion = 15.0.28307.271
MinimumVisualStudioVersion = 10.0.40219.1
Project("{8BC9CEB8-8B4A-11D0-8D11-00A0C91BC942}") = "creatDll", "creatDll\creatDll.vcxproj", "{FD56AD37-7B21-42DE-9F27-8D23C63DE878}"
EndProject
Project("{8BC9CEB8-8B4A-11D0-8D11-00A0C91BC942}") = "useDll", "useDll\useDll.vcxproj", "{1C901642-1206-410D-83A6-23C4E385D81D}"
EndProject
Global
	GlobalSection(SolutionConfigurationPlatforms) = preSolution
		Debug|x64 = Debug|x64
		Debug|x86 = Debug|x86
		Release|x64 = Release|x64
		Release|x86 = Release|x86
	EndGlobalSection
	GlobalSection(ProjectConfigurationPlatforms) = postSolution
		{FD56AD37-7B21-42DE-9F27-8D23C63DE878}.Debug|x64.ActiveCfg = Debug|x64
		{FD56AD37-7B21-42DE-9F27-8D23C63DE878}.Debug|x64.Build.0 = Debug|x64
		{FD56AD37-7B21-42DE-9F27-8D23C63DE878}.Debug|x86.ActiveCfg = Debug|Win32
		{FD56AD37-7B21-42DE-9F27-8D23C63DE878}.Debug|x86.Build.0 = Debug|Win32
		{FD56AD37-7B21-42DE-9F27-8D23C63DE878}.Release|x64.ActiveCfg = Release|x64
		{FD56AD37-7B21-42DE-9F27-8D23C63DE878}.Release|x64.Build.0 = Release|x64
		{FD56AD37-7B21-42DE-9F27-8D23C63DE878}.Release|x86.ActiveCfg = Release|Win32
		{FD56AD37-7B21-42DE-9F27-8D23C63DE878}.Release|x86.Build.0 = Release|Win32
		{1C901642-1206-410D-83A6-23C4E385D81D}.Debug|x64.ActiveCfg = Debug|x64
		{1C901642-1206-410D-83A6-23C4E385D81D}.Debug|x64.Build.0 = Debug|x64
		{1C901642-1206-410D-83A6-23C4E385D81D}.Debug|x86.ActiveCfg = Debug|Win32
		{1C901642-1206-410D-83A6-23C4E385D81D}.Debug|x86.Build.0 = Debug|Win32
		{1C901642-1206-410D-83A6-23C4E385D81D}.Release|x64.ActiveCfg = Release|x64
		{1C901642-1206-410D-83A6-23C4E385D81D}.Release|x64.Build.0 = Release|x64
		{1C901642-1206-410D-83A6-23C4E385D81D}.Release|x86.ActiveCfg = Release|Win32
		{1C901642-1206-410D-83A6-23C4E385D81D}.Release|x86.Build.0 = Release|Win32
	EndGlobalSection
	GlobalSection(SolutionProperties) = preSolution
		HideSolutionNode = FALSE
	EndGlobalSection
	GlobalSection(ExtensibilityGlobals) = postSolution
		SolutionGuid = {5C89E38A-2312-4B17-9BD6-46D42791FD34}
	EndGlobalSection
EndGlobal
