
Microsoft Visual Studio Solution File, Format Version 12.00
# Visual Studio 15
VisualStudioVersion = 15.0.28307.271
MinimumVisualStudioVersion = 10.0.40219.1
Project("{8BC9CEB8-8B4A-11D0-8D11-00A0C91BC942}") = "58_判断机器字节序", "58_判断机器字节序\58_判断机器字节序.vcxproj", "{DDDD98AD-AC4C-4F29-8891-E9A71EE2876A}"
EndProject
Global
	GlobalSection(SolutionConfigurationPlatforms) = preSolution
		Debug|x64 = Debug|x64
		Debug|x86 = Debug|x86
		Release|x64 = Release|x64
		Release|x86 = Release|x86
	EndGlobalSection
	GlobalSection(ProjectConfigurationPlatforms) = postSolution
		{DDDD98AD-AC4C-4F29-8891-E9A71EE2876A}.Debug|x64.ActiveCfg = Debug|x64
		{DDDD98AD-AC4C-4F29-8891-E9A71EE2876A}.Debug|x64.Build.0 = Debug|x64
		{DDDD98AD-AC4C-4F29-8891-E9A71EE2876A}.Debug|x86.ActiveCfg = Debug|Win32
		{DDDD98AD-AC4C-4F29-8891-E9A71EE2876A}.Debug|x86.Build.0 = Debug|Win32
		{DDDD98AD-AC4C-4F29-8891-E9A71EE2876A}.Release|x64.ActiveCfg = Release|x64
		{DDDD98AD-AC4C-4F29-8891-E9A71EE2876A}.Release|x64.Build.0 = Release|x64
		{DDDD98AD-AC4C-4F29-8891-E9A71EE2876A}.Release|x86.ActiveCfg = Release|Win32
		{DDDD98AD-AC4C-4F29-8891-E9A71EE2876A}.Release|x86.Build.0 = Release|Win32
	EndGlobalSection
	GlobalSection(SolutionProperties) = preSolution
		HideSolutionNode = FALSE
	EndGlobalSection
	GlobalSection(ExtensibilityGlobals) = postSolution
		SolutionGuid = {B4246F14-283F-416D-9C27-A0BBB7A311C6}
	EndGlobalSection
EndGlobal
