
Microsoft Visual Studio Solution File, Format Version 12.00
# Visual Studio 15
VisualStudioVersion = 15.0.28307.271
MinimumVisualStudioVersion = 10.0.40219.1
Project("{8BC9CEB8-8B4A-11D0-8D11-00A0C91BC942}") = "myusedll", "myusedll\myusedll.vcxproj", "{2E7EC0B8-F7B2-4C0B-B2E8-B98D9D47F451}"
EndProject
Global
	GlobalSection(SolutionConfigurationPlatforms) = preSolution
		Debug|x64 = Debug|x64
		Debug|x86 = Debug|x86
		Release|x64 = Release|x64
		Release|x86 = Release|x86
	EndGlobalSection
	GlobalSection(ProjectConfigurationPlatforms) = postSolution
		{2E7EC0B8-F7B2-4C0B-B2E8-B98D9D47F451}.Debug|x64.ActiveCfg = Debug|x64
		{2E7EC0B8-F7B2-4C0B-B2E8-B98D9D47F451}.Debug|x64.Build.0 = Debug|x64
		{2E7EC0B8-F7B2-4C0B-B2E8-B98D9D47F451}.Debug|x86.ActiveCfg = Debug|Win32
		{2E7EC0B8-F7B2-4C0B-B2E8-B98D9D47F451}.Debug|x86.Build.0 = Debug|Win32
		{2E7EC0B8-F7B2-4C0B-B2E8-B98D9D47F451}.Release|x64.ActiveCfg = Release|x64
		{2E7EC0B8-F7B2-4C0B-B2E8-B98D9D47F451}.Release|x64.Build.0 = Release|x64
		{2E7EC0B8-F7B2-4C0B-B2E8-B98D9D47F451}.Release|x86.ActiveCfg = Release|Win32
		{2E7EC0B8-F7B2-4C0B-B2E8-B98D9D47F451}.Release|x86.Build.0 = Release|Win32
	EndGlobalSection
	GlobalSection(SolutionProperties) = preSolution
		HideSolutionNode = FALSE
	EndGlobalSection
	GlobalSection(ExtensibilityGlobals) = postSolution
		SolutionGuid = {F500C6D0-D368-43A1-B2B1-A681D4872C22}
	EndGlobalSection
EndGlobal
